
Microsoft Visual Studio Solution File, Format Version 12.00
# Visual Studio 15
VisualStudioVersion = 15.0.28307.572
MinimumVisualStudioVersion = 10.0.40219.1
Project("{888888A0-9F3D-457C-B088-3A5042F75D52}") = "基倪太美", "基倪太美\基倪太美.pyproj", "{ED1CF796-5606-497A-A8B0-7593D24DF9EE}"
EndProject
Global
	GlobalSection(SolutionConfigurationPlatforms) = preSolution
		Debug|Any CPU = Debug|Any CPU
		Release|Any CPU = Release|Any CPU
	EndGlobalSection
	GlobalSection(ProjectConfigurationPlatforms) = postSolution
		{ED1CF796-5606-497A-A8B0-7593D24DF9EE}.Debug|Any CPU.ActiveCfg = Debug|Any CPU
		{ED1CF796-5606-497A-A8B0-7593D24DF9EE}.Release|Any CPU.ActiveCfg = Release|Any CPU
	EndGlobalSection
	GlobalSection(SolutionProperties) = preSolution
		HideSolutionNode = FALSE
	EndGlobalSection
	GlobalSection(ExtensibilityGlobals) = postSolution
		SolutionGuid = {C15BCC88-9B98-4F3B-83B4-D05D8E6D92B9}
	EndGlobalSection
EndGlobal
